// !$*UTF8*$!
{
	archiveVersion = 1;
	classes = {
	};
	objectVersion = 50;
	objects = {

/* Begin PBXBuildFile section */
		AACAA6FB2252FF9A0005F45E /* KSSCore.framework in Frameworks */ = {isa = PBXBuildFile; fileRef = AACAA6F12252FF9A0005F45E /* KSSCore.framework */; };
		AACAA7022252FF9A0005F45E /* KSSCore.h in Headers */ = {isa = PBXBuildFile; fileRef = AACAA6F42252FF9A0005F45E /* KSSCore.h */; settings = {ATTRIBUTES = (Public, ); }; };
		AACAA7142253050C0005F45E /* Versioning.swift in Sources */ = {isa = PBXBuildFile; fileRef = AACAA7132253050C0005F45E /* Versioning.swift */; };
		AACAA7162253055F0005F45E /* VersioningTests.swift in Sources */ = {isa = PBXBuildFile; fileRef = AACAA7152253055F0005F45E /* VersioningTests.swift */; };
/* End PBXBuildFile section */

/* Begin PBXContainerItemProxy section */
		AACAA6FC2252FF9A0005F45E /* PBXContainerItemProxy */ = {
			isa = PBXContainerItemProxy;
			containerPortal = AACAA6E82252FF9A0005F45E /* Project object */;
			proxyType = 1;
			remoteGlobalIDString = AACAA6F02252FF9A0005F45E;
			remoteInfo = KSSCore;
		};
/* End PBXContainerItemProxy section */

/* Begin PBXFileReference section */
		AACAA6F12252FF9A0005F45E /* KSSCore.framework */ = {isa = PBXFileReference; explicitFileType = wrapper.framework; includeInIndex = 0; path = KSSCore.framework; sourceTree = BUILT_PRODUCTS_DIR; };
		AACAA6F42252FF9A0005F45E /* KSSCore.h */ = {isa = PBXFileReference; lastKnownFileType = sourcecode.c.h; path = KSSCore.h; sourceTree = "<group>"; };
		AACAA6F52252FF9A0005F45E /* Info.plist */ = {isa = PBXFileReference; lastKnownFileType = text.plist.xml; path = Info.plist; sourceTree = "<group>"; };
		AACAA6FA2252FF9A0005F45E /* KSSCoreTests.xctest */ = {isa = PBXFileReference; explicitFileType = wrapper.cfbundle; includeInIndex = 0; path = KSSCoreTests.xctest; sourceTree = BUILT_PRODUCTS_DIR; };
		AACAA7012252FF9A0005F45E /* Info.plist */ = {isa = PBXFileReference; lastKnownFileType = text.plist.xml; path = Info.plist; sourceTree = "<group>"; };
		AACAA70F2253027B0005F45E /* LICENSE */ = {isa = PBXFileReference; lastKnownFileType = text; path = LICENSE; sourceTree = "<group>"; };
		AACAA7102253027B0005F45E /* README.md */ = {isa = PBXFileReference; lastKnownFileType = net.daringfireball.markdown; path = README.md; sourceTree = "<group>"; };
		AACAA7112253027B0005F45E /* buildversion.sh */ = {isa = PBXFileReference; lastKnownFileType = text.script.sh; path = buildversion.sh; sourceTree = "<group>"; };
		AACAA7132253050C0005F45E /* Versioning.swift */ = {isa = PBXFileReference; fileEncoding = 4; lastKnownFileType = sourcecode.swift; path = Versioning.swift; sourceTree = "<group>"; };
		AACAA7152253055F0005F45E /* VersioningTests.swift */ = {isa = PBXFileReference; lastKnownFileType = sourcecode.swift; path = VersioningTests.swift; sourceTree = "<group>"; };
/* End PBXFileReference section */

/* Begin PBXFrameworksBuildPhase section */
		AACAA6EE2252FF9A0005F45E /* Frameworks */ = {
			isa = PBXFrameworksBuildPhase;
			buildActionMask = 2147483647;
			files = (
			);
			runOnlyForDeploymentPostprocessing = 0;
		};
		AACAA6F72252FF9A0005F45E /* Frameworks */ = {
			isa = PBXFrameworksBuildPhase;
			buildActionMask = 2147483647;
			files = (
				AACAA6FB2252FF9A0005F45E /* KSSCore.framework in Frameworks */,
			);
			runOnlyForDeploymentPostprocessing = 0;
		};
/* End PBXFrameworksBuildPhase section */

/* Begin PBXGroup section */
		AACAA6E72252FF9A0005F45E = {
			isa = PBXGroup;
			children = (
				AACAA70E225302630005F45E /* Top Level */,
				AACAA6F32252FF9A0005F45E /* KSSCore */,
				AACAA6FE2252FF9A0005F45E /* KSSCoreTests */,
				AACAA6F22252FF9A0005F45E /* Products */,
			);
			sourceTree = "<group>";
		};
		AACAA6F22252FF9A0005F45E /* Products */ = {
			isa = PBXGroup;
			children = (
				AACAA6F12252FF9A0005F45E /* KSSCore.framework */,
				AACAA6FA2252FF9A0005F45E /* KSSCoreTests.xctest */,
			);
			name = Products;
			sourceTree = "<group>";
		};
		AACAA6F32252FF9A0005F45E /* KSSCore */ = {
			isa = PBXGroup;
			children = (
				AACAA6F42252FF9A0005F45E /* KSSCore.h */,
				AACAA6F52252FF9A0005F45E /* Info.plist */,
				AACAA70B225302340005F45E /* Model */,
				AACAA70C2253023A0005F45E /* View */,
				AACAA70D225302410005F45E /* Controller */,
			);
			path = KSSCore;
			sourceTree = "<group>";
		};
		AACAA6FE2252FF9A0005F45E /* KSSCoreTests */ = {
			isa = PBXGroup;
			children = (
				AACAA7012252FF9A0005F45E /* Info.plist */,
				AACAA7152253055F0005F45E /* VersioningTests.swift */,
			);
			path = KSSCoreTests;
			sourceTree = "<group>";
		};
		AACAA70B225302340005F45E /* Model */ = {
			isa = PBXGroup;
			children = (
				AACAA7132253050C0005F45E /* Versioning.swift */,
			);
			path = Model;
			sourceTree = "<group>";
		};
		AACAA70C2253023A0005F45E /* View */ = {
			isa = PBXGroup;
			children = (
			);
			path = View;
			sourceTree = "<group>";
		};
		AACAA70D225302410005F45E /* Controller */ = {
			isa = PBXGroup;
			children = (
			);
			path = Controller;
			sourceTree = "<group>";
		};
		AACAA70E225302630005F45E /* Top Level */ = {
			isa = PBXGroup;
			children = (
				AACAA7112253027B0005F45E /* buildversion.sh */,
				AACAA70F2253027B0005F45E /* LICENSE */,
				AACAA7102253027B0005F45E /* README.md */,
			);
			name = "Top Level";
			sourceTree = "<group>";
		};
/* End PBXGroup section */

/* Begin PBXHeadersBuildPhase section */
		AACAA6EC2252FF9A0005F45E /* Headers */ = {
			isa = PBXHeadersBuildPhase;
			buildActionMask = 2147483647;
			files = (
				AACAA7022252FF9A0005F45E /* KSSCore.h in Headers */,
			);
			runOnlyForDeploymentPostprocessing = 0;
		};
/* End PBXHeadersBuildPhase section */

/* Begin PBXNativeTarget section */
		AACAA6F02252FF9A0005F45E /* KSSCore */ = {
			isa = PBXNativeTarget;
			buildConfigurationList = AACAA7052252FF9A0005F45E /* Build configuration list for PBXNativeTarget "KSSCore" */;
			buildPhases = (
				AACAA7122253029D0005F45E /* Version */,
				AACAA6EC2252FF9A0005F45E /* Headers */,
				AACAA6ED2252FF9A0005F45E /* Sources */,
				AACAA6EE2252FF9A0005F45E /* Frameworks */,
				AACAA6EF2252FF9A0005F45E /* Resources */,
			);
			buildRules = (
			);
			dependencies = (
			);
			name = KSSCore;
			productName = KSSCore;
			productReference = AACAA6F12252FF9A0005F45E /* KSSCore.framework */;
			productType = "com.apple.product-type.framework";
		};
		AACAA6F92252FF9A0005F45E /* KSSCoreTests */ = {
			isa = PBXNativeTarget;
			buildConfigurationList = AACAA7082252FF9A0005F45E /* Build configuration list for PBXNativeTarget "KSSCoreTests" */;
			buildPhases = (
				AACAA6F62252FF9A0005F45E /* Sources */,
				AACAA6F72252FF9A0005F45E /* Frameworks */,
				AACAA6F82252FF9A0005F45E /* Resources */,
			);
			buildRules = (
			);
			dependencies = (
				AACAA6FD2252FF9A0005F45E /* PBXTargetDependency */,
			);
			name = KSSCoreTests;
			productName = KSSCoreTests;
			productReference = AACAA6FA2252FF9A0005F45E /* KSSCoreTests.xctest */;
			productType = "com.apple.product-type.bundle.unit-test";
		};
/* End PBXNativeTarget section */

/* Begin PBXProject section */
		AACAA6E82252FF9A0005F45E /* Project object */ = {
			isa = PBXProject;
			attributes = {
				LastSwiftUpdateCheck = 1020;
				LastUpgradeCheck = 1020;
				ORGANIZATIONNAME = "Klassen Software Solutions";
				TargetAttributes = {
					AACAA6F02252FF9A0005F45E = {
						CreatedOnToolsVersion = 10.2;
						LastSwiftMigration = 1020;
					};
					AACAA6F92252FF9A0005F45E = {
						CreatedOnToolsVersion = 10.2;
					};
				};
			};
			buildConfigurationList = AACAA6EB2252FF9A0005F45E /* Build configuration list for PBXProject "KSSCore" */;
			compatibilityVersion = "Xcode 9.3";
			developmentRegion = en;
			hasScannedForEncodings = 0;
			knownRegions = (
				en,
			);
			mainGroup = AACAA6E72252FF9A0005F45E;
			productRefGroup = AACAA6F22252FF9A0005F45E /* Products */;
			projectDirPath = "";
			projectRoot = "";
			targets = (
				AACAA6F02252FF9A0005F45E /* KSSCore */,
				AACAA6F92252FF9A0005F45E /* KSSCoreTests */,
			);
		};
/* End PBXProject section */

/* Begin PBXResourcesBuildPhase section */
		AACAA6EF2252FF9A0005F45E /* Resources */ = {
			isa = PBXResourcesBuildPhase;
			buildActionMask = 2147483647;
			files = (
			);
			runOnlyForDeploymentPostprocessing = 0;
		};
		AACAA6F82252FF9A0005F45E /* Resources */ = {
			isa = PBXResourcesBuildPhase;
			buildActionMask = 2147483647;
			files = (
			);
			runOnlyForDeploymentPostprocessing = 0;
		};
/* End PBXResourcesBuildPhase section */

/* Begin PBXShellScriptBuildPhase section */
		AACAA7122253029D0005F45E /* Version */ = {
			isa = PBXShellScriptBuildPhase;
			buildActionMask = 2147483647;
			files = (
			);
			inputFileListPaths = (
			);
			inputPaths = (
			);
			name = Version;
			outputFileListPaths = (
			);
			outputPaths = (
			);
			runOnlyForDeploymentPostprocessing = 0;
			shellPath = /bin/sh;
			shellScript = "(cd KSSCore ; ../buildversion.sh)\n";
		};
/* End PBXShellScriptBuildPhase section */

/* Begin PBXSourcesBuildPhase section */
		AACAA6ED2252FF9A0005F45E /* Sources */ = {
			isa = PBXSourcesBuildPhase;
			buildActionMask = 2147483647;
			files = (
				AACAA7142253050C0005F45E /* Versioning.swift in Sources */,
			);
			runOnlyForDeploymentPostprocessing = 0;
		};
		AACAA6F62252FF9A0005F45E /* Sources */ = {
			isa = PBXSourcesBuildPhase;
			buildActionMask = 2147483647;
			files = (
				AACAA7162253055F0005F45E /* VersioningTests.swift in Sources */,
			);
			runOnlyForDeploymentPostprocessing = 0;
		};
/* End PBXSourcesBuildPhase section */

/* Begin PBXTargetDependency section */
		AACAA6FD2252FF9A0005F45E /* PBXTargetDependency */ = {
			isa = PBXTargetDependency;
			target = AACAA6F02252FF9A0005F45E /* KSSCore */;
			targetProxy = AACAA6FC2252FF9A0005F45E /* PBXContainerItemProxy */;
		};
/* End PBXTargetDependency section */

/* Begin XCBuildConfiguration section */
		AACAA7032252FF9A0005F45E /* Debug */ = {
			isa = XCBuildConfiguration;
			buildSettings = {
				ALWAYS_SEARCH_USER_PATHS = NO;
				CLANG_ANALYZER_NONNULL = YES;
				CLANG_ANALYZER_NUMBER_OBJECT_CONVERSION = YES_AGGRESSIVE;
				CLANG_CXX_LANGUAGE_STANDARD = "gnu++14";
				CLANG_CXX_LIBRARY = "libc++";
				CLANG_ENABLE_MODULES = YES;
				CLANG_ENABLE_OBJC_ARC = YES;
				CLANG_ENABLE_OBJC_WEAK = YES;
				CLANG_WARN_BLOCK_CAPTURE_AUTORELEASING = YES;
				CLANG_WARN_BOOL_CONVERSION = YES;
				CLANG_WARN_COMMA = YES;
				CLANG_WARN_CONSTANT_CONVERSION = YES;
				CLANG_WARN_DEPRECATED_OBJC_IMPLEMENTATIONS = YES;
				CLANG_WARN_DIRECT_OBJC_ISA_USAGE = YES_ERROR;
				CLANG_WARN_DOCUMENTATION_COMMENTS = YES;
				CLANG_WARN_EMPTY_BODY = YES;
				CLANG_WARN_ENUM_CONVERSION = YES;
				CLANG_WARN_INFINITE_RECURSION = YES;
				CLANG_WARN_INT_CONVERSION = YES;
				CLANG_WARN_NON_LITERAL_NULL_CONVERSION = YES;
				CLANG_WARN_OBJC_IMPLICIT_RETAIN_SELF = YES;
				CLANG_WARN_OBJC_LITERAL_CONVERSION = YES;
				CLANG_WARN_OBJC_ROOT_CLASS = YES_ERROR;
				CLANG_WARN_RANGE_LOOP_ANALYSIS = YES;
				CLANG_WARN_STRICT_PROTOTYPES = YES;
				CLANG_WARN_SUSPICIOUS_MOVE = YES;
				CLANG_WARN_UNGUARDED_AVAILABILITY = YES_AGGRESSIVE;
				CLANG_WARN_UNREACHABLE_CODE = YES;
				CLANG_WARN__DUPLICATE_METHOD_MATCH = YES;
				CODE_SIGN_IDENTITY = "Mac Developer";
				COPY_PHASE_STRIP = NO;
				CURRENT_PROJECT_VERSION = 1;
				DEBUG_INFORMATION_FORMAT = dwarf;
				ENABLE_STRICT_OBJC_MSGSEND = YES;
				ENABLE_TESTABILITY = YES;
				GCC_C_LANGUAGE_STANDARD = gnu11;
				GCC_DYNAMIC_NO_PIC = NO;
				GCC_NO_COMMON_BLOCKS = YES;
				GCC_OPTIMIZATION_LEVEL = 0;
				GCC_PREPROCESSOR_DEFINITIONS = (
					"DEBUG=1",
					"$(inherited)",
				);
				GCC_WARN_64_TO_32_BIT_CONVERSION = YES;
				GCC_WARN_ABOUT_RETURN_TYPE = YES_ERROR;
				GCC_WARN_UNDECLARED_SELECTOR = YES;
				GCC_WARN_UNINITIALIZED_AUTOS = YES_AGGRESSIVE;
				GCC_WARN_UNUSED_FUNCTION = YES;
				GCC_WARN_UNUSED_VARIABLE = YES;
				MACOSX_DEPLOYMENT_TARGET = 10.12;
				MTL_ENABLE_DEBUG_INFO = INCLUDE_SOURCE;
				MTL_FAST_MATH = YES;
				ONLY_ACTIVE_ARCH = YES;
				SDKROOT = macosx;
				SWIFT_ACTIVE_COMPILATION_CONDITIONS = DEBUG;
				SWIFT_OPTIMIZATION_LEVEL = "-Onone";
				VALID_ARCHS = x86_64;
				VERSIONING_SYSTEM = "apple-generic";
				VERSION_INFO_PREFIX = "";
			};
			name = Debug;
		};
		AACAA7042252FF9A0005F45E /* Release */ = {
			isa = XCBuildConfiguration;
			buildSettings = {
				ALWAYS_SEARCH_USER_PATHS = NO;
				CLANG_ANALYZER_NONNULL = YES;
				CLANG_ANALYZER_NUMBER_OBJECT_CONVERSION = YES_AGGRESSIVE;
				CLANG_CXX_LANGUAGE_STANDARD = "gnu++14";
				CLANG_CXX_LIBRARY = "libc++";
				CLANG_ENABLE_MODULES = YES;
				CLANG_ENABLE_OBJC_ARC = YES;
				CLANG_ENABLE_OBJC_WEAK = YES;
				CLANG_WARN_BLOCK_CAPTURE_AUTORELEASING = YES;
				CLANG_WARN_BOOL_CONVERSION = YES;
				CLANG_WARN_COMMA = YES;
				CLANG_WARN_CONSTANT_CONVERSION = YES;
				CLANG_WARN_DEPRECATED_OBJC_IMPLEMENTATIONS = YES;
				CLANG_WARN_DIRECT_OBJC_ISA_USAGE = YES_ERROR;
				CLANG_WARN_DOCUMENTATION_COMMENTS = YES;
				CLANG_WARN_EMPTY_BODY = YES;
				CLANG_WARN_ENUM_CONVERSION = YES;
				CLANG_WARN_INFINITE_RECURSION = YES;
				CLANG_WARN_INT_CONVERSION = YES;
				CLANG_WARN_NON_LITERAL_NULL_CONVERSION = YES;
				CLANG_WARN_OBJC_IMPLICIT_RETAIN_SELF = YES;
				CLANG_WARN_OBJC_LITERAL_CONVERSION = YES;
				CLANG_WARN_OBJC_ROOT_CLASS = YES_ERROR;
				CLANG_WARN_RANGE_LOOP_ANALYSIS = YES;
				CLANG_WARN_STRICT_PROTOTYPES = YES;
				CLANG_WARN_SUSPICIOUS_MOVE = YES;
				CLANG_WARN_UNGUARDED_AVAILABILITY = YES_AGGRESSIVE;
				CLANG_WARN_UNREACHABLE_CODE = YES;
				CLANG_WARN__DUPLICATE_METHOD_MATCH = YES;
				CODE_SIGN_IDENTITY = "Mac Developer";
				COPY_PHASE_STRIP = NO;
				CURRENT_PROJECT_VERSION = 1;
				DEBUG_INFORMATION_FORMAT = "dwarf-with-dsym";
				ENABLE_NS_ASSERTIONS = NO;
				ENABLE_STRICT_OBJC_MSGSEND = YES;
				GCC_C_LANGUAGE_STANDARD = gnu11;
				GCC_NO_COMMON_BLOCKS = YES;
				GCC_WARN_64_TO_32_BIT_CONVERSION = YES;
				GCC_WARN_ABOUT_RETURN_TYPE = YES_ERROR;
				GCC_WARN_UNDECLARED_SELECTOR = YES;
				GCC_WARN_UNINITIALIZED_AUTOS = YES_AGGRESSIVE;
				GCC_WARN_UNUSED_FUNCTION = YES;
				GCC_WARN_UNUSED_VARIABLE = YES;
				MACOSX_DEPLOYMENT_TARGET = 10.12;
				MTL_ENABLE_DEBUG_INFO = NO;
				MTL_FAST_MATH = YES;
				SDKROOT = macosx;
				SWIFT_COMPILATION_MODE = wholemodule;
				SWIFT_OPTIMIZATION_LEVEL = "-O";
				VALID_ARCHS = x86_64;
				VERSIONING_SYSTEM = "apple-generic";
				VERSION_INFO_PREFIX = "";
			};
			name = Release;
		};
		AACAA7062252FF9A0005F45E /* Debug */ = {
			isa = XCBuildConfiguration;
			buildSettings = {
				CLANG_ENABLE_MODULES = YES;
				CODE_SIGN_IDENTITY = "";
				CODE_SIGN_STYLE = Automatic;
				COMBINE_HIDPI_IMAGES = YES;
				DEFINES_MODULE = YES;
				DEVELOPMENT_TEAM = 23FN26LWBV;
				DYLIB_COMPATIBILITY_VERSION = 1;
				DYLIB_CURRENT_VERSION = 1;
				DYLIB_INSTALL_NAME_BASE = "@rpath";
				FRAMEWORK_VERSION = A;
				INFOPLIST_FILE = KSSCore/Info.plist;
				INSTALL_PATH = "$(LOCAL_LIBRARY_DIR)/Frameworks";
				LD_RUNPATH_SEARCH_PATHS = (
					"$(inherited)",
					"@executable_path/../Frameworks",
					"@loader_path/Frameworks",
				);
				PRODUCT_BUNDLE_IDENTIFIER = kss.cc.KSSCore;
				PRODUCT_NAME = "$(TARGET_NAME:c99extidentifier)";
				SKIP_INSTALL = YES;
				SWIFT_OPTIMIZATION_LEVEL = "-Onone";
				SWIFT_VERSION = 5.0;
			};
			name = Debug;
		};
		AACAA7072252FF9A0005F45E /* Release */ = {
			isa = XCBuildConfiguration;
			buildSettings = {
				CLANG_ENABLE_MODULES = YES;
				CODE_SIGN_IDENTITY = "";
				CODE_SIGN_STYLE = Automatic;
				COMBINE_HIDPI_IMAGES = YES;
				DEFINES_MODULE = YES;
				DEVELOPMENT_TEAM = 23FN26LWBV;
				DYLIB_COMPATIBILITY_VERSION = 1;
				DYLIB_CURRENT_VERSION = 1;
				DYLIB_INSTALL_NAME_BASE = "@rpath";
				FRAMEWORK_VERSION = A;
				INFOPLIST_FILE = KSSCore/Info.plist;
				INSTALL_PATH = "$(LOCAL_LIBRARY_DIR)/Frameworks";
				LD_RUNPATH_SEARCH_PATHS = (
					"$(inherited)",
					"@executable_path/../Frameworks",
					"@loader_path/Frameworks",
				);
				PRODUCT_BUNDLE_IDENTIFIER = kss.cc.KSSCore;
				PRODUCT_NAME = "$(TARGET_NAME:c99extidentifier)";
				SKIP_INSTALL = YES;
				SWIFT_VERSION = 5.0;
			};
			name = Release;
		};
		AACAA7092252FF9A0005F45E /* Debug */ = {
			isa = XCBuildConfiguration;
			buildSettings = {
				ALWAYS_EMBED_SWIFT_STANDARD_LIBRARIES = YES;
				CODE_SIGN_STYLE = Automatic;
				COMBINE_HIDPI_IMAGES = YES;
				DEVELOPMENT_TEAM = 23FN26LWBV;
				INFOPLIST_FILE = KSSCoreTests/Info.plist;
				LD_RUNPATH_SEARCH_PATHS = (
					"$(inherited)",
					"@executable_path/../Frameworks",
					"@loader_path/../Frameworks",
				);
				PRODUCT_BUNDLE_IDENTIFIER = kss.cc.KSSCoreTests;
				PRODUCT_NAME = "$(TARGET_NAME)";
				SWIFT_VERSION = 5.0;
			};
			name = Debug;
		};
		AACAA70A2252FF9A0005F45E /* Release */ = {
			isa = XCBuildConfiguration;
			buildSettings = {
				ALWAYS_EMBED_SWIFT_STANDARD_LIBRARIES = YES;
				CODE_SIGN_STYLE = Automatic;
				COMBINE_HIDPI_IMAGES = YES;
				DEVELOPMENT_TEAM = 23FN26LWBV;
				INFOPLIST_FILE = KSSCoreTests/Info.plist;
				LD_RUNPATH_SEARCH_PATHS = (
					"$(inherited)",
					"@executable_path/../Frameworks",
					"@loader_path/../Frameworks",
				);
				PRODUCT_BUNDLE_IDENTIFIER = kss.cc.KSSCoreTests;
				PRODUCT_NAME = "$(TARGET_NAME)";
				SWIFT_VERSION = 5.0;
			};
			name = Release;
		};
/* End XCBuildConfiguration section */

/* Begin XCConfigurationList section */
		AACAA6EB2252FF9A0005F45E /* Build configuration list for PBXProject "KSSCore" */ = {
			isa = XCConfigurationList;
			buildConfigurations = (
				AACAA7032252FF9A0005F45E /* Debug */,
				AACAA7042252FF9A0005F45E /* Release */,
			);
			defaultConfigurationIsVisible = 0;
			defaultConfigurationName = Release;
		};
		AACAA7052252FF9A0005F45E /* Build configuration list for PBXNativeTarget "KSSCore" */ = {
			isa = XCConfigurationList;
			buildConfigurations = (
				AACAA7062252FF9A0005F45E /* Debug */,
				AACAA7072252FF9A0005F45E /* Release */,
			);
			defaultConfigurationIsVisible = 0;
			defaultConfigurationName = Release;
		};
		AACAA7082252FF9A0005F45E /* Build configuration list for PBXNativeTarget "KSSCoreTests" */ = {
			isa = XCConfigurationList;
			buildConfigurations = (
				AACAA7092252FF9A0005F45E /* Debug */,
				AACAA70A2252FF9A0005F45E /* Release */,
			);
			defaultConfigurationIsVisible = 0;
			defaultConfigurationName = Release;
		};
/* End XCConfigurationList section */
	};
	rootObject = AACAA6E82252FF9A0005F45E /* Project object */;
}
